// !$*UTF8*$!
{
	archiveVersion = 1;
	classes = {
	};
	objectVersion = 50;
	objects = {

/* Begin PBXBuildFile section */
		F43E41C1260AC6DE00E4A4FE /* AppDelegate.swift in Sources */ = {isa = PBXBuildFile; fileRef = F43E41C0260AC6DE00E4A4FE /* AppDelegate.swift */; };
		F43E41C3260AC6DE00E4A4FE /* SceneDelegate.swift in Sources */ = {isa = PBXBuildFile; fileRef = F43E41C2260AC6DE00E4A4FE /* SceneDelegate.swift */; };
		F43E41C5260AC6DE00E4A4FE /* ViewController.swift in Sources */ = {isa = PBXBuildFile; fileRef = F43E41C4260AC6DE00E4A4FE /* ViewController.swift */; };
		F43E41C8260AC6DE00E4A4FE /* Main.storyboard in Resources */ = {isa = PBXBuildFile; fileRef = F43E41C6260AC6DE00E4A4FE /* Main.storyboard */; };
		F43E41CB260AC6DE00E4A4FE /* ULessonAssesement.xcdatamodeld in Sources */ = {isa = PBXBuildFile; fileRef = F43E41C9260AC6DE00E4A4FE /* ULessonAssesement.xcdatamodeld */; };
		F43E41CD260AC6E100E4A4FE /* Assets.xcassets in Resources */ = {isa = PBXBuildFile; fileRef = F43E41CC260AC6E100E4A4FE /* Assets.xcassets */; };
		F43E41D0260AC6E100E4A4FE /* LaunchScreen.storyboard in Resources */ = {isa = PBXBuildFile; fileRef = F43E41CE260AC6E100E4A4FE /* LaunchScreen.storyboard */; };
		F43E41DB260AC6E100E4A4FE /* ULessonAssesementTests.swift in Sources */ = {isa = PBXBuildFile; fileRef = F43E41DA260AC6E100E4A4FE /* ULessonAssesementTests.swift */; };
		F43E41E6260AC6E100E4A4FE /* ULessonAssesementUITests.swift in Sources */ = {isa = PBXBuildFile; fileRef = F43E41E5260AC6E100E4A4FE /* ULessonAssesementUITests.swift */; };
/* End PBXBuildFile section */

/* Begin PBXContainerItemProxy section */
		F43E41D7260AC6E100E4A4FE /* PBXContainerItemProxy */ = {
			isa = PBXContainerItemProxy;
			containerPortal = F43E41B5260AC6DE00E4A4FE /* Project object */;
			proxyType = 1;
			remoteGlobalIDString = F43E41BC260AC6DE00E4A4FE;
			remoteInfo = ULessonAssesement;
		};
		F43E41E2260AC6E100E4A4FE /* PBXContainerItemProxy */ = {
			isa = PBXContainerItemProxy;
			containerPortal = F43E41B5260AC6DE00E4A4FE /* Project object */;
			proxyType = 1;
			remoteGlobalIDString = F43E41BC260AC6DE00E4A4FE;
			remoteInfo = ULessonAssesement;
		};
/* End PBXContainerItemProxy section */

/* Begin PBXFileReference section */
		F43E41BD260AC6DE00E4A4FE /* ULessonAssesement.app */ = {isa = PBXFileReference; explicitFileType = wrapper.application; includeInIndex = 0; path = ULessonAssesement.app; sourceTree = BUILT_PRODUCTS_DIR; };
		F43E41C0260AC6DE00E4A4FE /* AppDelegate.swift */ = {isa = PBXFileReference; lastKnownFileType = sourcecode.swift; path = AppDelegate.swift; sourceTree = "<group>"; };
		F43E41C2260AC6DE00E4A4FE /* SceneDelegate.swift */ = {isa = PBXFileReference; lastKnownFileType = sourcecode.swift; path = SceneDelegate.swift; sourceTree = "<group>"; };
		F43E41C4260AC6DE00E4A4FE /* ViewController.swift */ = {isa = PBXFileReference; lastKnownFileType = sourcecode.swift; path = ViewController.swift; sourceTree = "<group>"; };
		F43E41C7260AC6DE00E4A4FE /* Base */ = {isa = PBXFileReference; lastKnownFileType = file.storyboard; name = Base; path = Base.lproj/Main.storyboard; sourceTree = "<group>"; };
		F43E41CA260AC6DE00E4A4FE /* ULessonAssesement.xcdatamodel */ = {isa = PBXFileReference; lastKnownFileType = wrapper.xcdatamodel; path = ULessonAssesement.xcdatamodel; sourceTree = "<group>"; };
		F43E41CC260AC6E100E4A4FE /* Assets.xcassets */ = {isa = PBXFileReference; lastKnownFileType = folder.assetcatalog; path = Assets.xcassets; sourceTree = "<group>"; };
		F43E41CF260AC6E100E4A4FE /* Base */ = {isa = PBXFileReference; lastKnownFileType = file.storyboard; name = Base; path = Base.lproj/LaunchScreen.storyboard; sourceTree = "<group>"; };
		F43E41D1260AC6E100E4A4FE /* Info.plist */ = {isa = PBXFileReference; lastKnownFileType = text.plist.xml; path = Info.plist; sourceTree = "<group>"; };
		F43E41D6260AC6E100E4A4FE /* ULessonAssesementTests.xctest */ = {isa = PBXFileReference; explicitFileType = wrapper.cfbundle; includeInIndex = 0; path = ULessonAssesementTests.xctest; sourceTree = BUILT_PRODUCTS_DIR; };
		F43E41DA260AC6E100E4A4FE /* ULessonAssesementTests.swift */ = {isa = PBXFileReference; lastKnownFileType = sourcecode.swift; path = ULessonAssesementTests.swift; sourceTree = "<group>"; };
		F43E41DC260AC6E100E4A4FE /* Info.plist */ = {isa = PBXFileReference; lastKnownFileType = text.plist.xml; path = Info.plist; sourceTree = "<group>"; };
		F43E41E1260AC6E100E4A4FE /* ULessonAssesementUITests.xctest */ = {isa = PBXFileReference; explicitFileType = wrapper.cfbundle; includeInIndex = 0; path = ULessonAssesementUITests.xctest; sourceTree = BUILT_PRODUCTS_DIR; };
		F43E41E5260AC6E100E4A4FE /* ULessonAssesementUITests.swift */ = {isa = PBXFileReference; lastKnownFileType = sourcecode.swift; path = ULessonAssesementUITests.swift; sourceTree = "<group>"; };
		F43E41E7260AC6E100E4A4FE /* Info.plist */ = {isa = PBXFileReference; lastKnownFileType = text.plist.xml; path = Info.plist; sourceTree = "<group>"; };
/* End PBXFileReference section */

/* Begin PBXFrameworksBuildPhase section */
		F43E41BA260AC6DE00E4A4FE /* Frameworks */ = {
			isa = PBXFrameworksBuildPhase;
			buildActionMask = 2147483647;
			files = (
			);
			runOnlyForDeploymentPostprocessing = 0;
		};
		F43E41D3260AC6E100E4A4FE /* Frameworks */ = {
			isa = PBXFrameworksBuildPhase;
			buildActionMask = 2147483647;
			files = (
			);
			runOnlyForDeploymentPostprocessing = 0;
		};
		F43E41DE260AC6E100E4A4FE /* Frameworks */ = {
			isa = PBXFrameworksBuildPhase;
			buildActionMask = 2147483647;
			files = (
			);
			runOnlyForDeploymentPostprocessing = 0;
		};
/* End PBXFrameworksBuildPhase section */

/* Begin PBXGroup section */
		F43E41B4260AC6DE00E4A4FE = {
			isa = PBXGroup;
			children = (
				F43E41BF260AC6DE00E4A4FE /* ULessonAssesement */,
				F43E41D9260AC6E100E4A4FE /* ULessonAssesementTests */,
				F43E41E4260AC6E100E4A4FE /* ULessonAssesementUITests */,
				F43E41BE260AC6DE00E4A4FE /* Products */,
			);
			sourceTree = "<group>";
		};
		F43E41BE260AC6DE00E4A4FE /* Products */ = {
			isa = PBXGroup;
			children = (
				F43E41BD260AC6DE00E4A4FE /* ULessonAssesement.app */,
				F43E41D6260AC6E100E4A4FE /* ULessonAssesementTests.xctest */,
				F43E41E1260AC6E100E4A4FE /* ULessonAssesementUITests.xctest */,
			);
			name = Products;
			sourceTree = "<group>";
		};
		F43E41BF260AC6DE00E4A4FE /* ULessonAssesement */ = {
			isa = PBXGroup;
			children = (
				F43E41C0260AC6DE00E4A4FE /* AppDelegate.swift */,
				F43E41C2260AC6DE00E4A4FE /* SceneDelegate.swift */,
				F43E41C4260AC6DE00E4A4FE /* ViewController.swift */,
				F43E41C6260AC6DE00E4A4FE /* Main.storyboard */,
				F43E41CC260AC6E100E4A4FE /* Assets.xcassets */,
				F43E41CE260AC6E100E4A4FE /* LaunchScreen.storyboard */,
				F43E41D1260AC6E100E4A4FE /* Info.plist */,
				F43E41C9260AC6DE00E4A4FE /* ULessonAssesement.xcdatamodeld */,
			);
			path = ULessonAssesement;
			sourceTree = "<group>";
		};
		F43E41D9260AC6E100E4A4FE /* ULessonAssesementTests */ = {
			isa = PBXGroup;
			children = (
				F43E41DA260AC6E100E4A4FE /* ULessonAssesementTests.swift */,
				F43E41DC260AC6E100E4A4FE /* Info.plist */,
			);
			path = ULessonAssesementTests;
			sourceTree = "<group>";
		};
		F43E41E4260AC6E100E4A4FE /* ULessonAssesementUITests */ = {
			isa = PBXGroup;
			children = (
				F43E41E5260AC6E100E4A4FE /* ULessonAssesementUITests.swift */,
				F43E41E7260AC6E100E4A4FE /* Info.plist */,
			);
			path = ULessonAssesementUITests;
			sourceTree = "<group>";
		};
/* End PBXGroup section */

/* Begin PBXNativeTarget section */
		F43E41BC260AC6DE00E4A4FE /* ULessonAssesement */ = {
			isa = PBXNativeTarget;
			buildConfigurationList = F43E41EA260AC6E100E4A4FE /* Build configuration list for PBXNativeTarget "ULessonAssesement" */;
			buildPhases = (
				F43E41B9260AC6DE00E4A4FE /* Sources */,
				F43E41BA260AC6DE00E4A4FE /* Frameworks */,
				F43E41BB260AC6DE00E4A4FE /* Resources */,
			);
			buildRules = (
			);
			dependencies = (
			);
			name = ULessonAssesement;
			productName = ULessonAssesement;
			productReference = F43E41BD260AC6DE00E4A4FE /* ULessonAssesement.app */;
			productType = "com.apple.product-type.application";
		};
		F43E41D5260AC6E100E4A4FE /* ULessonAssesementTests */ = {
			isa = PBXNativeTarget;
			buildConfigurationList = F43E41ED260AC6E100E4A4FE /* Build configuration list for PBXNativeTarget "ULessonAssesementTests" */;
			buildPhases = (
				F43E41D2260AC6E100E4A4FE /* Sources */,
				F43E41D3260AC6E100E4A4FE /* Frameworks */,
				F43E41D4260AC6E100E4A4FE /* Resources */,
			);
			buildRules = (
			);
			dependencies = (
				F43E41D8260AC6E100E4A4FE /* PBXTargetDependency */,
			);
			name = ULessonAssesementTests;
			productName = ULessonAssesementTests;
			productReference = F43E41D6260AC6E100E4A4FE /* ULessonAssesementTests.xctest */;
			productType = "com.apple.product-type.bundle.unit-test";
		};
		F43E41E0260AC6E100E4A4FE /* ULessonAssesementUITests */ = {
			isa = PBXNativeTarget;
			buildConfigurationList = F43E41F0260AC6E100E4A4FE /* Build configuration list for PBXNativeTarget "ULessonAssesementUITests" */;
			buildPhases = (
				F43E41DD260AC6E100E4A4FE /* Sources */,
				F43E41DE260AC6E100E4A4FE /* Frameworks */,
				F43E41DF260AC6E100E4A4FE /* Resources */,
			);
			buildRules = (
			);
			dependencies = (
				F43E41E3260AC6E100E4A4FE /* PBXTargetDependency */,
			);
			name = ULessonAssesementUITests;
			productName = ULessonAssesementUITests;
			productReference = F43E41E1260AC6E100E4A4FE /* ULessonAssesementUITests.xctest */;
			productType = "com.apple.product-type.bundle.ui-testing";
		};
/* End PBXNativeTarget section */

/* Begin PBXProject section */
		F43E41B5260AC6DE00E4A4FE /* Project object */ = {
			isa = PBXProject;
			attributes = {
				LastSwiftUpdateCheck = 1230;
				LastUpgradeCheck = 1230;
				TargetAttributes = {
					F43E41BC260AC6DE00E4A4FE = {
						CreatedOnToolsVersion = 12.3;
					};
					F43E41D5260AC6E100E4A4FE = {
						CreatedOnToolsVersion = 12.3;
						TestTargetID = F43E41BC260AC6DE00E4A4FE;
					};
					F43E41E0260AC6E100E4A4FE = {
						CreatedOnToolsVersion = 12.3;
						TestTargetID = F43E41BC260AC6DE00E4A4FE;
					};
				};
			};
			buildConfigurationList = F43E41B8260AC6DE00E4A4FE /* Build configuration list for PBXProject "ULessonAssesement" */;
			compatibilityVersion = "Xcode 9.3";
			developmentRegion = en;
			hasScannedForEncodings = 0;
			knownRegions = (
				en,
				Base,
			);
			mainGroup = F43E41B4260AC6DE00E4A4FE;
			productRefGroup = F43E41BE260AC6DE00E4A4FE /* Products */;
			projectDirPath = "";
			projectRoot = "";
			targets = (
				F43E41BC260AC6DE00E4A4FE /* ULessonAssesement */,
				F43E41D5260AC6E100E4A4FE /* ULessonAssesementTests */,
				F43E41E0260AC6E100E4A4FE /* ULessonAssesementUITests */,
			);
		};
/* End PBXProject section */

/* Begin PBXResourcesBuildPhase section */
		F43E41BB260AC6DE00E4A4FE /* Resources */ = {
			isa = PBXResourcesBuildPhase;
			buildActionMask = 2147483647;
			files = (
				F43E41D0260AC6E100E4A4FE /* LaunchScreen.storyboard in Resources */,
				F43E41CD260AC6E100E4A4FE /* Assets.xcassets in Resources */,
				F43E41C8260AC6DE00E4A4FE /* Main.storyboard in Resources */,
			);
			runOnlyForDeploymentPostprocessing = 0;
		};
		F43E41D4260AC6E100E4A4FE /* Resources */ = {
			isa = PBXResourcesBuildPhase;
			buildActionMask = 2147483647;
			files = (
			);
			runOnlyForDeploymentPostprocessing = 0;
		};
		F43E41DF260AC6E100E4A4FE /* Resources */ = {
			isa = PBXResourcesBuildPhase;
			buildActionMask = 2147483647;
			files = (
			);
			runOnlyForDeploymentPostprocessing = 0;
		};
/* End PBXResourcesBuildPhase section */

/* Begin PBXSourcesBuildPhase section */
		F43E41B9260AC6DE00E4A4FE /* Sources */ = {
			isa = PBXSourcesBuildPhase;
			buildActionMask = 2147483647;
			files = (
				F43E41C5260AC6DE00E4A4FE /* ViewController.swift in Sources */,
				F43E41C1260AC6DE00E4A4FE /* AppDelegate.swift in Sources */,
				F43E41C3260AC6DE00E4A4FE /* SceneDelegate.swift in Sources */,
				F43E41CB260AC6DE00E4A4FE /* ULessonAssesement.xcdatamodeld in Sources */,
			);
			runOnlyForDeploymentPostprocessing = 0;
		};
		F43E41D2260AC6E100E4A4FE /* Sources */ = {
			isa = PBXSourcesBuildPhase;
			buildActionMask = 2147483647;
			files = (
				F43E41DB260AC6E100E4A4FE /* ULessonAssesementTests.swift in Sources */,
			);
			runOnlyForDeploymentPostprocessing = 0;
		};
		F43E41DD260AC6E100E4A4FE /* Sources */ = {
			isa = PBXSourcesBuildPhase;
			buildActionMask = 2147483647;
			files = (
				F43E41E6260AC6E100E4A4FE /* ULessonAssesementUITests.swift in Sources */,
			);
			runOnlyForDeploymentPostprocessing = 0;
		};
/* End PBXSourcesBuildPhase section */

/* Begin PBXTargetDependency section */
		F43E41D8260AC6E100E4A4FE /* PBXTargetDependency */ = {
			isa = PBXTargetDependency;
			target = F43E41BC260AC6DE00E4A4FE /* ULessonAssesement */;
			targetProxy = F43E41D7260AC6E100E4A4FE /* PBXContainerItemProxy */;
		};
		F43E41E3260AC6E100E4A4FE /* PBXTargetDependency */ = {
			isa = PBXTargetDependency;
			target = F43E41BC260AC6DE00E4A4FE /* ULessonAssesement */;
			targetProxy = F43E41E2260AC6E100E4A4FE /* PBXContainerItemProxy */;
		};
/* End PBXTargetDependency section */

/* Begin PBXVariantGroup section */
		F43E41C6260AC6DE00E4A4FE /* Main.storyboard */ = {
			isa = PBXVariantGroup;
			children = (
				F43E41C7260AC6DE00E4A4FE /* Base */,
			);
			name = Main.storyboard;
			sourceTree = "<group>";
		};
		F43E41CE260AC6E100E4A4FE /* LaunchScreen.storyboard */ = {
			isa = PBXVariantGroup;
			children = (
				F43E41CF260AC6E100E4A4FE /* Base */,
			);
			name = LaunchScreen.storyboard;
			sourceTree = "<group>";
		};
/* End PBXVariantGroup section */

/* Begin XCBuildConfiguration section */
		F43E41E8260AC6E100E4A4FE /* Debug */ = {
			isa = XCBuildConfiguration;
			buildSettings = {
				ALWAYS_SEARCH_USER_PATHS = NO;
				CLANG_ANALYZER_NONNULL = YES;
				CLANG_ANALYZER_NUMBER_OBJECT_CONVERSION = YES_AGGRESSIVE;
				CLANG_CXX_LANGUAGE_STANDARD = "gnu++14";
				CLANG_CXX_LIBRARY = "libc++";
				CLANG_ENABLE_MODULES = YES;
				CLANG_ENABLE_OBJC_ARC = YES;
				CLANG_ENABLE_OBJC_WEAK = YES;
				CLANG_WARN_BLOCK_CAPTURE_AUTORELEASING = YES;
				CLANG_WARN_BOOL_CONVERSION = YES;
				CLANG_WARN_COMMA = YES;
				CLANG_WARN_CONSTANT_CONVERSION = YES;
				CLANG_WARN_DEPRECATED_OBJC_IMPLEMENTATIONS = YES;
				CLANG_WARN_DIRECT_OBJC_ISA_USAGE = YES_ERROR;
				CLANG_WARN_DOCUMENTATION_COMMENTS = YES;
				CLANG_WARN_EMPTY_BODY = YES;
				CLANG_WARN_ENUM_CONVERSION = YES;
				CLANG_WARN_INFINITE_RECURSION = YES;
				CLANG_WARN_INT_CONVERSION = YES;
				CLANG_WARN_NON_LITERAL_NULL_CONVERSION = YES;
				CLANG_WARN_OBJC_IMPLICIT_RETAIN_SELF = YES;
				CLANG_WARN_OBJC_LITERAL_CONVERSION = YES;
				CLANG_WARN_OBJC_ROOT_CLASS = YES_ERROR;
				CLANG_WARN_QUOTED_INCLUDE_IN_FRAMEWORK_HEADER = YES;
				CLANG_WARN_RANGE_LOOP_ANALYSIS = YES;
				CLANG_WARN_STRICT_PROTOTYPES = YES;
				CLANG_WARN_SUSPICIOUS_MOVE = YES;
				CLANG_WARN_UNGUARDED_AVAILABILITY = YES_AGGRESSIVE;
				CLANG_WARN_UNREACHABLE_CODE = YES;
				CLANG_WARN__DUPLICATE_METHOD_MATCH = YES;
				COPY_PHASE_STRIP = NO;
				DEBUG_INFORMATION_FORMAT = dwarf;
				ENABLE_STRICT_OBJC_MSGSEND = YES;
				ENABLE_TESTABILITY = YES;
				GCC_C_LANGUAGE_STANDARD = gnu11;
				GCC_DYNAMIC_NO_PIC = NO;
				GCC_NO_COMMON_BLOCKS = YES;
				GCC_OPTIMIZATION_LEVEL = 0;
				GCC_PREPROCESSOR_DEFINITIONS = (
					"DEBUG=1",
					"$(inherited)",
				);
				GCC_WARN_64_TO_32_BIT_CONVERSION = YES;
				GCC_WARN_ABOUT_RETURN_TYPE = YES_ERROR;
				GCC_WARN_UNDECLARED_SELECTOR = YES;
				GCC_WARN_UNINITIALIZED_AUTOS = YES_AGGRESSIVE;
				GCC_WARN_UNUSED_FUNCTION = YES;
				GCC_WARN_UNUSED_VARIABLE = YES;
				IPHONEOS_DEPLOYMENT_TARGET = 14.3;
				MTL_ENABLE_DEBUG_INFO = INCLUDE_SOURCE;
				MTL_FAST_MATH = YES;
				ONLY_ACTIVE_ARCH = YES;
				SDKROOT = iphoneos;
				SWIFT_ACTIVE_COMPILATION_CONDITIONS = DEBUG;
				SWIFT_OPTIMIZATION_LEVEL = "-Onone";
			};
			name = Debug;
		};
		F43E41E9260AC6E100E4A4FE /* Release */ = {
			isa = XCBuildConfiguration;
			buildSettings = {
				ALWAYS_SEARCH_USER_PATHS = NO;
				CLANG_ANALYZER_NONNULL = YES;
				CLANG_ANALYZER_NUMBER_OBJECT_CONVERSION = YES_AGGRESSIVE;
				CLANG_CXX_LANGUAGE_STANDARD = "gnu++14";
				CLANG_CXX_LIBRARY = "libc++";
				CLANG_ENABLE_MODULES = YES;
				CLANG_ENABLE_OBJC_ARC = YES;
				CLANG_ENABLE_OBJC_WEAK = YES;
				CLANG_WARN_BLOCK_CAPTURE_AUTORELEASING = YES;
				CLANG_WARN_BOOL_CONVERSION = YES;
				CLANG_WARN_COMMA = YES;
				CLANG_WARN_CONSTANT_CONVERSION = YES;
				CLANG_WARN_DEPRECATED_OBJC_IMPLEMENTATIONS = YES;
				CLANG_WARN_DIRECT_OBJC_ISA_USAGE = YES_ERROR;
				CLANG_WARN_DOCUMENTATION_COMMENTS = YES;
				CLANG_WARN_EMPTY_BODY = YES;
				CLANG_WARN_ENUM_CONVERSION = YES;
				CLANG_WARN_INFINITE_RECURSION = YES;
				CLANG_WARN_INT_CONVERSION = YES;
				CLANG_WARN_NON_LITERAL_NULL_CONVERSION = YES;
				CLANG_WARN_OBJC_IMPLICIT_RETAIN_SELF = YES;
				CLANG_WARN_OBJC_LITERAL_CONVERSION = YES;
				CLANG_WARN_OBJC_ROOT_CLASS = YES_ERROR;
				CLANG_WARN_QUOTED_INCLUDE_IN_FRAMEWORK_HEADER = YES;
				CLANG_WARN_RANGE_LOOP_ANALYSIS = YES;
				CLANG_WARN_STRICT_PROTOTYPES = YES;
				CLANG_WARN_SUSPICIOUS_MOVE = YES;
				CLANG_WARN_UNGUARDED_AVAILABILITY = YES_AGGRESSIVE;
				CLANG_WARN_UNREACHABLE_CODE = YES;
				CLANG_WARN__DUPLICATE_METHOD_MATCH = YES;
				COPY_PHASE_STRIP = NO;
				DEBUG_INFORMATION_FORMAT = "dwarf-with-dsym";
				ENABLE_NS_ASSERTIONS = NO;
				ENABLE_STRICT_OBJC_MSGSEND = YES;
				GCC_C_LANGUAGE_STANDARD = gnu11;
				GCC_NO_COMMON_BLOCKS = YES;
				GCC_WARN_64_TO_32_BIT_CONVERSION = YES;
				GCC_WARN_ABOUT_RETURN_TYPE = YES_ERROR;
				GCC_WARN_UNDECLARED_SELECTOR = YES;
				GCC_WARN_UNINITIALIZED_AUTOS = YES_AGGRESSIVE;
				GCC_WARN_UNUSED_FUNCTION = YES;
				GCC_WARN_UNUSED_VARIABLE = YES;
				IPHONEOS_DEPLOYMENT_TARGET = 14.3;
				MTL_ENABLE_DEBUG_INFO = NO;
				MTL_FAST_MATH = YES;
				SDKROOT = iphoneos;
				SWIFT_COMPILATION_MODE = wholemodule;
				SWIFT_OPTIMIZATION_LEVEL = "-O";
				VALIDATE_PRODUCT = YES;
			};
			name = Release;
		};
		F43E41EB260AC6E100E4A4FE /* Debug */ = {
			isa = XCBuildConfiguration;
			buildSettings = {
				ASSETCATALOG_COMPILER_APPICON_NAME = AppIcon;
				ASSETCATALOG_COMPILER_GLOBAL_ACCENT_COLOR_NAME = AccentColor;
				CODE_SIGN_STYLE = Automatic;
				DEVELOPMENT_TEAM = CNG79B32AZ;
				INFOPLIST_FILE = ULessonAssesement/Info.plist;
				LD_RUNPATH_SEARCH_PATHS = (
					"$(inherited)",
					"@executable_path/Frameworks",
				);
				PRODUCT_BUNDLE_IDENTIFIER = com.banjodayo.ULessonAssesement;
				PRODUCT_NAME = "$(TARGET_NAME)";
				SWIFT_VERSION = 5.0;
				TARGETED_DEVICE_FAMILY = "1,2";
			};
			name = Debug;
		};
		F43E41EC260AC6E100E4A4FE /* Release */ = {
			isa = XCBuildConfiguration;
			buildSettings = {
				ASSETCATALOG_COMPILER_APPICON_NAME = AppIcon;
				ASSETCATALOG_COMPILER_GLOBAL_ACCENT_COLOR_NAME = AccentColor;
				CODE_SIGN_STYLE = Automatic;
				DEVELOPMENT_TEAM = CNG79B32AZ;
				INFOPLIST_FILE = ULessonAssesement/Info.plist;
				LD_RUNPATH_SEARCH_PATHS = (
					"$(inherited)",
					"@executable_path/Frameworks",
				);
				PRODUCT_BUNDLE_IDENTIFIER = com.banjodayo.ULessonAssesement;
				PRODUCT_NAME = "$(TARGET_NAME)";
				SWIFT_VERSION = 5.0;
				TARGETED_DEVICE_FAMILY = "1,2";
			};
			name = Release;
		};
		F43E41EE260AC6E100E4A4FE /* Debug */ = {
			isa = XCBuildConfiguration;
			buildSettings = {
				ALWAYS_EMBED_SWIFT_STANDARD_LIBRARIES = YES;
				BUNDLE_LOADER = "$(TEST_HOST)";
				CODE_SIGN_STYLE = Automatic;
				DEVELOPMENT_TEAM = CNG79B32AZ;
				INFOPLIST_FILE = ULessonAssesementTests/Info.plist;
				IPHONEOS_DEPLOYMENT_TARGET = 14.3;
				LD_RUNPATH_SEARCH_PATHS = (
					"$(inherited)",
					"@executable_path/Frameworks",
					"@loader_path/Frameworks",
				);
				PRODUCT_BUNDLE_IDENTIFIER = com.banjodayo.ULessonAssesementTests;
				PRODUCT_NAME = "$(TARGET_NAME)";
				SWIFT_VERSION = 5.0;
				TARGETED_DEVICE_FAMILY = "1,2";
				TEST_HOST = "$(BUILT_PRODUCTS_DIR)/ULessonAssesement.app/ULessonAssesement";
			};
			name = Debug;
		};
		F43E41EF260AC6E100E4A4FE /* Release */ = {
			isa = XCBuildConfiguration;
			buildSettings = {
				ALWAYS_EMBED_SWIFT_STANDARD_LIBRARIES = YES;
				BUNDLE_LOADER = "$(TEST_HOST)";
				CODE_SIGN_STYLE = Automatic;
				DEVELOPMENT_TEAM = CNG79B32AZ;
				INFOPLIST_FILE = ULessonAssesementTests/Info.plist;
				IPHONEOS_DEPLOYMENT_TARGET = 14.3;
				LD_RUNPATH_SEARCH_PATHS = (
					"$(inherited)",
					"@executable_path/Frameworks",
					"@loader_path/Frameworks",
				);
				PRODUCT_BUNDLE_IDENTIFIER = com.banjodayo.ULessonAssesementTests;
				PRODUCT_NAME = "$(TARGET_NAME)";
				SWIFT_VERSION = 5.0;
				TARGETED_DEVICE_FAMILY = "1,2";
				TEST_HOST = "$(BUILT_PRODUCTS_DIR)/ULessonAssesement.app/ULessonAssesement";
			};
			name = Release;
		};
		F43E41F1260AC6E100E4A4FE /* Debug */ = {
			isa = XCBuildConfiguration;
			buildSettings = {
				ALWAYS_EMBED_SWIFT_STANDARD_LIBRARIES = YES;
				CODE_SIGN_STYLE = Automatic;
				DEVELOPMENT_TEAM = CNG79B32AZ;
				INFOPLIST_FILE = ULessonAssesementUITests/Info.plist;
				LD_RUNPATH_SEARCH_PATHS = (
					"$(inherited)",
					"@executable_path/Frameworks",
					"@loader_path/Frameworks",
				);
				PRODUCT_BUNDLE_IDENTIFIER = com.banjodayo.ULessonAssesementUITests;
				PRODUCT_NAME = "$(TARGET_NAME)";
				SWIFT_VERSION = 5.0;
				TARGETED_DEVICE_FAMILY = "1,2";
				TEST_TARGET_NAME = ULessonAssesement;
			};
			name = Debug;
		};
		F43E41F2260AC6E100E4A4FE /* Release */ = {
			isa = XCBuildConfiguration;
			buildSettings = {
				ALWAYS_EMBED_SWIFT_STANDARD_LIBRARIES = YES;
				CODE_SIGN_STYLE = Automatic;
				DEVELOPMENT_TEAM = CNG79B32AZ;
				INFOPLIST_FILE = ULessonAssesementUITests/Info.plist;
				LD_RUNPATH_SEARCH_PATHS = (
					"$(inherited)",
					"@executable_path/Frameworks",
					"@loader_path/Frameworks",
				);
				PRODUCT_BUNDLE_IDENTIFIER = com.banjodayo.ULessonAssesementUITests;
				PRODUCT_NAME = "$(TARGET_NAME)";
				SWIFT_VERSION = 5.0;
				TARGETED_DEVICE_FAMILY = "1,2";
				TEST_TARGET_NAME = ULessonAssesement;
			};
			name = Release;
		};
/* End XCBuildConfiguration section */

/* Begin XCConfigurationList section */
		F43E41B8260AC6DE00E4A4FE /* Build configuration list for PBXProject "ULessonAssesement" */ = {
			isa = XCConfigurationList;
			buildConfigurations = (
				F43E41E8260AC6E100E4A4FE /* Debug */,
				F43E41E9260AC6E100E4A4FE /* Release */,
			);
			defaultConfigurationIsVisible = 0;
			defaultConfigurationName = Release;
		};
		F43E41EA260AC6E100E4A4FE /* Build configuration list for PBXNativeTarget "ULessonAssesement" */ = {
			isa = XCConfigurationList;
			buildConfigurations = (
				F43E41EB260AC6E100E4A4FE /* Debug */,
				F43E41EC260AC6E100E4A4FE /* Release */,
			);
			defaultConfigurationIsVisible = 0;
			defaultConfigurationName = Release;
		};
		F43E41ED260AC6E100E4A4FE /* Build configuration list for PBXNativeTarget "ULessonAssesementTests" */ = {
			isa = XCConfigurationList;
			buildConfigurations = (
				F43E41EE260AC6E100E4A4FE /* Debug */,
				F43E41EF260AC6E100E4A4FE /* Release */,
			);
			defaultConfigurationIsVisible = 0;
			defaultConfigurationName = Release;
		};
		F43E41F0260AC6E100E4A4FE /* Build configuration list for PBXNativeTarget "ULessonAssesementUITests" */ = {
			isa = XCConfigurationList;
			buildConfigurations = (
				F43E41F1260AC6E100E4A4FE /* Debug */,
				F43E41F2260AC6E100E4A4FE /* Release */,
			);
			defaultConfigurationIsVisible = 0;
			defaultConfigurationName = Release;
		};
/* End XCConfigurationList section */

/* Begin XCVersionGroup section */
		F43E41C9260AC6DE00E4A4FE /* ULessonAssesement.xcdatamodeld */ = {
			isa = XCVersionGroup;
			children = (
				F43E41CA260AC6DE00E4A4FE /* ULessonAssesement.xcdatamodel */,
			);
			currentVersion = F43E41CA260AC6DE00E4A4FE /* ULessonAssesement.xcdatamodel */;
			path = ULessonAssesement.xcdatamodeld;
			sourceTree = "<group>";
			versionGroupType = wrapper.xcdatamodel;
		};
/* End XCVersionGroup section */
	};
	rootObject = F43E41B5260AC6DE00E4A4FE /* Project object */;
}
